{
  "projects": [
    {
      "projectId": "vrXCB8dxA4nVS6MjHefASJ",
      "version": "latest",
      "dependencies": {},
      "lang": "ts",
      "fileLocks": [
        {
          "type": "globalVariant",
          "assetId": "s8n69O_Ui87-l",
          "checksum": "15c29f4e8b704d0e468a3d28519b0411"
        },
        {
          "type": "globalVariant",
          "assetId": "1OpKMwqNFM",
          "checksum": "0ea53699c23a9272c02d69450dcce5a9"
        },
        {
          "type": "globalVariant",
          "assetId": "JHa4bKySEJ",
          "checksum": "19bbc787a89ac05a5661706a67f824eb"
        },
        {
          "assetId": "vrXCB8dxA4nVS6MjHefASJ",
          "type": "projectCss",
          "checksum": "f30a571dd75e2470d12b07c90d3f0b1f"
        },
        {
          "type": "renderModule",
          "assetId": "5SbkqO9jVhYB",
          "checksum": "efd5dd55f3da06ea07375f00335dae72"
        },
        {
          "type": "cssRules",
          "assetId": "5SbkqO9jVhYB",
          "checksum": "efd5dd55f3da06ea07375f00335dae72"
        },
        {
          "type": "renderModule",
          "assetId": "2vOhJPwl--",
          "checksum": "8377d9a509e291c21bfb30518817b544"
        },
        {
          "type": "cssRules",
          "assetId": "2vOhJPwl--",
          "checksum": "8377d9a509e291c21bfb30518817b544"
        },
        {
          "type": "renderModule",
          "assetId": "5ODPvkmS-H",
          "checksum": "b4375fbe188f335a276965726dc7a2d3"
        },
        {
          "type": "cssRules",
          "assetId": "5ODPvkmS-H",
          "checksum": "b4375fbe188f335a276965726dc7a2d3"
        },
        {
          "type": "renderModule",
          "assetId": "0fXKOlQr_Q",
          "checksum": "55ed091dd2aa506e9321dbda7b9b9a36"
        },
        {
          "type": "cssRules",
          "assetId": "0fXKOlQr_Q",
          "checksum": "55ed091dd2aa506e9321dbda7b9b9a36"
        },
        {
          "type": "renderModule",
          "assetId": "rfm9MehGJF",
          "checksum": "501e4f06c49d688f83a3febec41d3034"
        },
        {
          "type": "cssRules",
          "assetId": "rfm9MehGJF",
          "checksum": "501e4f06c49d688f83a3febec41d3034"
        },
        {
          "type": "renderModule",
          "assetId": "8eZExgQPCQ",
          "checksum": "996ccb634b27fe2920a7dc0b558bd1c2"
        },
        {
          "type": "cssRules",
          "assetId": "8eZExgQPCQ",
          "checksum": "996ccb634b27fe2920a7dc0b558bd1c2"
        },
        {
          "type": "renderModule",
          "assetId": "5Mzr4hHPVsU",
          "checksum": "94e0c2a2bdfc97efcdb454678ee21bdf"
        },
        {
          "type": "cssRules",
          "assetId": "5Mzr4hHPVsU",
          "checksum": "94e0c2a2bdfc97efcdb454678ee21bdf"
        },
        {
          "type": "renderModule",
          "assetId": "tGGwpP0Zy5t",
          "checksum": "5c605217ffcdb2bc8852ab17bdd14bb2"
        },
        {
          "type": "cssRules",
          "assetId": "tGGwpP0Zy5t",
          "checksum": "5c605217ffcdb2bc8852ab17bdd14bb2"
        },
        {
          "type": "renderModule",
          "assetId": "2fDT-cBWlbe",
          "checksum": "8b126082961c29a928c2e715e4622f2f"
        },
        {
          "type": "cssRules",
          "assetId": "2fDT-cBWlbe",
          "checksum": "8b126082961c29a928c2e715e4622f2f"
        },
        {
          "type": "renderModule",
          "assetId": "rhisCgZc5gz",
          "checksum": "7ccf34547eaf94afd02502532d3bbb81"
        },
        {
          "type": "cssRules",
          "assetId": "rhisCgZc5gz",
          "checksum": "7ccf34547eaf94afd02502532d3bbb81"
        },
        {
          "type": "icon",
          "assetId": "6GYC6RVwMYIyI",
          "checksum": "c1038ab4ad820ac4768f70b4c3f8e3d6"
        },
        {
          "type": "icon",
          "assetId": "n0bsTzwaumz-t",
          "checksum": "84a2edec4f72393139273c40f9497a45"
        },
        {
          "type": "icon",
          "assetId": "yw3nQG47dL",
          "checksum": "ca94665aa398842975f7a4eb2d4a6141"
        },
        {
          "type": "icon",
          "assetId": "LmPagN-SfgP",
          "checksum": "3bfb7f8b124fb1728917b9933c7521d6"
        },
        {
          "type": "icon",
          "assetId": "_bZJ40emi_D",
          "checksum": "bd1ff279309cbd330017ade14dd7f4dd"
        },
        {
          "type": "icon",
          "assetId": "1V4W87LMsQ",
          "checksum": "ede4b6939b232085f375a1191f5ff29c"
        },
        {
          "type": "icon",
          "assetId": "2pP3BHFtR5c",
          "checksum": "b2737e857e2f804014d890da04381afd"
        },
        {
          "type": "icon",
          "assetId": "Wr6gZ2HSIo6",
          "checksum": "fd4f8966cc8a10167333af10916d758c"
        },
        {
          "type": "icon",
          "assetId": "R_zhAArtfms",
          "checksum": "c3c6d8cb50cb9e23fe8fa9f6cb25c4a3"
        },
        {
          "type": "icon",
          "assetId": "RF7TKyUS8oo",
          "checksum": "9b89139e498cc7261951860e08dcf168"
        },
        {
          "type": "icon",
          "assetId": "Iobb-Zl7CCb",
          "checksum": "a2823c67c8ab43a989b55a509ec3ff53"
        },
        {
          "type": "icon",
          "assetId": "t82AOvqMk7W",
          "checksum": "3537456ef22c88edebae4f5bf141e889"
        },
        {
          "type": "icon",
          "assetId": "51RKF6cDQfy",
          "checksum": "6ea95fdbbadb47f104624f5e3d94a9f3"
        },
        {
          "type": "icon",
          "assetId": "IeTRSW7mmxp",
          "checksum": "ea41562b815341ee33c2a00832fe829f"
        },
        {
          "type": "icon",
          "assetId": "_vSzeZqaRoL",
          "checksum": "9fd58fd6fd0480daaa1bd044829f33b1"
        },
        {
          "type": "icon",
          "assetId": "MUr-BROrGri",
          "checksum": "f62226783d64fb240843e220fdf9ecdb"
        },
        {
          "type": "icon",
          "assetId": "3UHyC4uq_2U",
          "checksum": "319c6f555b8b2f7aeb39b57cf54f8cd8"
        },
        {
          "type": "icon",
          "assetId": "F0rSrg9E2",
          "checksum": "b46eec1adaf8647068739a020be227f4"
        },
        {
          "type": "icon",
          "assetId": "2m9V71gHeT",
          "checksum": "946ab7d058145570fe67787fe49d2d4c"
        },
        {
          "type": "icon",
          "assetId": "obBPtVSuIA",
          "checksum": "f3afd85bac50e595899bcf5b3860015a"
        },
        {
          "type": "icon",
          "assetId": "DfagCCOo9t",
          "checksum": "673f79b66de18e915ef64ca1801367b0"
        },
        {
          "type": "icon",
          "assetId": "70TgVcmfsI",
          "checksum": "d50f083e649e363cb630b109ae8a1254"
        },
        {
          "type": "icon",
          "assetId": "I5JUxPIe_g",
          "checksum": "3908579a65f8ffc4aaf9876627f62523"
        },
        {
          "type": "icon",
          "assetId": "IgIT7GP-r6w",
          "checksum": "1022b7b51727ba18a00f126d737c3c26"
        },
        {
          "type": "icon",
          "assetId": "38jUI2LO_p1",
          "checksum": "e84d6c7883ee52d4de51695368c8b8e6"
        },
        {
          "type": "icon",
          "assetId": "HdoiaBbrISt",
          "checksum": "356ebcf95c043d7f33205334fa7bd23f"
        },
        {
          "type": "icon",
          "assetId": "uw4pZXGSsHR",
          "checksum": "ef6ab363d69726044d770dea05dd6987"
        },
        {
          "type": "icon",
          "assetId": "gZGI1rzKvh3",
          "checksum": "d7034c6200e6d74a6afc1f8bd720bbcd"
        },
        {
          "type": "icon",
          "assetId": "Eb0gYTi_mFB",
          "checksum": "b181c65b932dcc6b7b3ca030def5cb31"
        },
        {
          "type": "icon",
          "assetId": "qMs2HlFO61W",
          "checksum": "2ca2ebc8b64fc86eea36f17744f0b9e8"
        },
        {
          "type": "icon",
          "assetId": "VuHUlcK6K1",
          "checksum": "74a78dc7b584cccb3e68e6ed47456a33"
        },
        {
          "type": "icon",
          "assetId": "vYYAqZjHf4",
          "checksum": "02c06b97093861f420c6d4900614bfaa"
        },
        {
          "type": "icon",
          "assetId": "d_W2aNfKI",
          "checksum": "ac79c1c69b74d94cfdeedadcd31ea8b8"
        },
        {
          "type": "icon",
          "assetId": "-_oHFhlz68",
          "checksum": "8fd9ae4788f41ef8f1c1886f20c6780f"
        },
        {
          "type": "icon",
          "assetId": "fhFG5yWwxho",
          "checksum": "2c2dd4411c539fc2fbcc56acb2c24497"
        },
        {
          "type": "icon",
          "assetId": "BqaKDXkOo_k",
          "checksum": "2ff3a0244ad4b752002a15352af0ecb1"
        },
        {
          "type": "icon",
          "assetId": "d_VqTS2vI56",
          "checksum": "46ccf3f69788762ea62a2d1e10cb56cf"
        },
        {
          "type": "icon",
          "assetId": "9EHhP9RDWAq",
          "checksum": "e924fe37d2dbe76a888a6d14c746f4c9"
        },
        {
          "type": "image",
          "assetId": "FOuShviXPuTX7",
          "checksum": "1e5068cefa3aee86267267427bb129ad"
        },
        {
          "type": "image",
          "assetId": "7lFlNIAti",
          "checksum": "59971766f87cef3db1450380e561d705"
        },
        {
          "type": "image",
          "assetId": "f78aRKEVOg",
          "checksum": "3e55188f433fedfae153441f2457077d"
        },
        {
          "type": "image",
          "assetId": "qIvPca94FG",
          "checksum": "cb30d745c498e5f184e7c6dd7f12afc6"
        },
        {
          "type": "image",
          "assetId": "6w4PqNOGuq",
          "checksum": "cf1973424f0ce268c7c016def39cb162"
        },
        {
          "type": "image",
          "assetId": "l_0kRsO2P",
          "checksum": "089b9fd7e067c0f13c681e2f2d8f5cab"
        },
        {
          "type": "image",
          "assetId": "4krw5VsvOB",
          "checksum": "a498792e48a0374b6e7cfe5cbdff3cd1"
        },
        {
          "type": "image",
          "assetId": "p1nGucNtBBS",
          "checksum": "d7c270429c037e8d247fa578f47ac6a9"
        },
        {
          "type": "image",
          "assetId": "8BOMoKtmhvl",
          "checksum": "25398ecb7289d0821ec0cc7660ef7603"
        },
        {
          "type": "image",
          "assetId": "2RjRUB5N2Dt",
          "checksum": "0208192f561a8190d4e9cddb29c16168"
        },
        {
          "type": "image",
          "assetId": "ttBxKi1_DgB",
          "checksum": "45c18efc68f89d220b6de595008e14f4"
        },
        {
          "type": "image",
          "assetId": "V4IEiopoYJL",
          "checksum": "b264756704cbce80a8c3001f00ab9165"
        },
        {
          "type": "image",
          "assetId": "-aaFzwkIYl",
          "checksum": "2c27d79124207a22238f82a4302aa560"
        },
        {
          "type": "image",
          "assetId": "TTXzWk1xGf",
          "checksum": "558af2bb3e1e9ce5fdf3ea763355262b"
        },
        {
          "type": "image",
          "assetId": "FzBt6_JTHy",
          "checksum": "77f9691589270ef9bfce183856eb4656"
        },
        {
          "type": "image",
          "assetId": "Ne-IeIbpXf8",
          "checksum": "df81985331f49a6f10daa7d0eb6ca4e3"
        },
        {
          "type": "image",
          "assetId": "ESW0aB8h0Q0",
          "checksum": "883b2658cb98e0a6094793474840e75f"
        },
        {
          "type": "image",
          "assetId": "N9ExYQQRYTS",
          "checksum": "b7c91fa246ecb5a38c05c682e533a3d6"
        },
        {
          "type": "image",
          "assetId": "rHdH-tmIv78",
          "checksum": "73ceaeb9f241cb65687408df02870007"
        },
        {
          "type": "image",
          "assetId": "0A6nj-97W-h",
          "checksum": "9745c18bce65eddccb8324a6506695f8"
        },
        {
          "type": "image",
          "assetId": "-AtbwOdZdTb",
          "checksum": "db622d8293e0369330668486aef14b4a"
        },
        {
          "type": "image",
          "assetId": "lS1lrlC7HnQ",
          "checksum": "24669dd7cb3315d159744c3b5f44b27a"
        },
        {
          "type": "image",
          "assetId": "xSiXRG95D",
          "checksum": "083474d93488bcb5648190f7c3b466ad"
        },
        {
          "type": "image",
          "assetId": "_UubO63bJb",
          "checksum": "d7b75865166a19018a00ed202e13c6e1"
        },
        {
          "type": "image",
          "assetId": "R7ho3H2jRq",
          "checksum": "1f486e907cf7e40dc21faa4c8748b8b8"
        },
        {
          "type": "image",
          "assetId": "nw7pJNNbOo",
          "checksum": "3fbe4cf8ec794dbbb107791158558d9c"
        },
        {
          "type": "image",
          "assetId": "RDtVWg4iw1",
          "checksum": "06f670cdd86178a467da76ffc9d3979a"
        },
        {
          "type": "image",
          "assetId": "udA0cuOVhg",
          "checksum": "e15a987169af9a4a490dd382291f87a0"
        },
        {
          "type": "image",
          "assetId": "xOWynizgd",
          "checksum": "73c125beaf8b9f1cf2f5fea15689803e"
        },
        {
          "type": "image",
          "assetId": "FLQoXJulRp",
          "checksum": "f9760765756d403e761ba85a68c944b0"
        },
        {
          "type": "image",
          "assetId": "56-AoI454G",
          "checksum": "7085d39fdfe70c6d2c74c8eb3363178c"
        },
        {
          "type": "image",
          "assetId": "l1HLIpPxl_",
          "checksum": "b6a22c26c3b6133ad38faa972ddb7e8f"
        },
        {
          "type": "image",
          "assetId": "tKfseOJ6Xn",
          "checksum": "c6d866ad73b025e5b8c9f1064f2d8807"
        },
        {
          "type": "image",
          "assetId": "z0oDsNfyYj",
          "checksum": "09e4a6177666c1d9f1659366518b0c45"
        },
        {
          "type": "image",
          "assetId": "SOfGL7VVQe",
          "checksum": "f4fdd9bfa9c9b71dbdd391bee8bdd685"
        },
        {
          "type": "image",
          "assetId": "leg0ZTsPSJ",
          "checksum": "a5d3b2870f95ab1500e38646ed77fcc5"
        },
        {
          "type": "image",
          "assetId": "x4-MMeTjBh",
          "checksum": "ae043729d8c2b342308cb880b3e297d8"
        },
        {
          "type": "image",
          "assetId": "z7r8BFlmI3",
          "checksum": "fd846e1c1cb870eb5ad5d3a8597b5697"
        },
        {
          "type": "image",
          "assetId": "1GO39ZXUpJ",
          "checksum": "1d989ff3c279659256e1385e4199a6c0"
        },
        {
          "type": "image",
          "assetId": "pBpzV7H4P_",
          "checksum": "a4faf2f89ba57e5658d22d1f1843ce79"
        },
        {
          "type": "image",
          "assetId": "-s0Rsz9Rm",
          "checksum": "d83fd328b2437df509748cacbd6c2a7f"
        },
        {
          "type": "image",
          "assetId": "_bUmvdlPc1",
          "checksum": "e19026542acacb2b67ab9bbe81583ea8"
        },
        {
          "type": "image",
          "assetId": "Cw9UfzwvcU",
          "checksum": "bd1c8f8d89624a3e22464939746f3b46"
        },
        {
          "type": "image",
          "assetId": "10cz4xiEuV",
          "checksum": "0bdd4af9d3145c1d9258c4b79d68a6d0"
        },
        {
          "type": "image",
          "assetId": "U0NL_Vy0va",
          "checksum": "65d8f27c227c426d67f6d8adcdb1548a"
        },
        {
          "type": "image",
          "assetId": "IUSODkACRU",
          "checksum": "0dc4ad9b1db2cd756ed81561ad07d25a"
        },
        {
          "type": "image",
          "assetId": "A68_miKbjE",
          "checksum": "d1355deed49b759af0683b1139dced8e"
        },
        {
          "type": "image",
          "assetId": "f3IqNpg_BT",
          "checksum": "03e21037387f59a05f6ad528069bbcdf"
        },
        {
          "type": "image",
          "assetId": "dH2hhdYuvC",
          "checksum": "4b5d8413566011e8407d6f24c581e7a1"
        },
        {
          "type": "image",
          "assetId": "--k5us2S4_",
          "checksum": "d5123e1bac75a847aeddf95b5af514b9"
        },
        {
          "type": "image",
          "assetId": "_z1IWsYt2E",
          "checksum": "0b993df04b3bfad6f6372a58486fc053"
        },
        {
          "type": "image",
          "assetId": "IhmM7UWLin",
          "checksum": "34ca36bacf37781eadbf2b12db5b8b18"
        },
        {
          "type": "image",
          "assetId": "WSlSt9ww9L",
          "checksum": "0ae155aa0a36173d20049aee9cadba52"
        },
        {
          "type": "image",
          "assetId": "KmZyjcrrEo",
          "checksum": "bb5a4245890df91364454aaf8d83245c"
        },
        {
          "type": "image",
          "assetId": "JLdnP-m4zW",
          "checksum": "b7897d884a515496d51153496cdd674c"
        },
        {
          "type": "image",
          "assetId": "3XrlIMlQYA",
          "checksum": "c0161b7cfc25c0a831ef3cf77905ad5b"
        },
        {
          "type": "image",
          "assetId": "SjXyli-C4B1",
          "checksum": "c4631285a9bd8f6deeaf5fb432f0a185"
        },
        {
          "type": "image",
          "assetId": "RYVBTpbvo",
          "checksum": "631149ae2095086292f42f732cf98233"
        },
        {
          "type": "image",
          "assetId": "M0PEKSOmtK",
          "checksum": "4dcfea6bf0e2c1ace622051585d2ce6e"
        },
        {
          "type": "image",
          "assetId": "nVgjRoXGAx",
          "checksum": "c13746d592ab85400c7571d695c4e8b2"
        },
        {
          "type": "image",
          "assetId": "zDcrwStek",
          "checksum": "efc6a37e038857d2feb575e899ff90e2"
        },
        {
          "type": "image",
          "assetId": "iqBVydklt",
          "checksum": "04ab08613a97784932ab0767eea1a5a9"
        }
      ],
      "codegenVersion": "0.0.1"
    }
  ],
  "cliVersion": "0.1.175"
}
