{
  "projects": [
    {
      "projectId": "vrXCB8dxA4nVS6MjHefASJ",
      "version": "latest",
      "dependencies": {},
      "lang": "ts",
      "fileLocks": [
        {
          "type": "globalVariant",
          "assetId": "s8n69O_Ui87-l",
          "checksum": "15c29f4e8b704d0e468a3d28519b0411"
        },
        {
          "type": "globalVariant",
          "assetId": "1OpKMwqNFM",
          "checksum": "0ea53699c23a9272c02d69450dcce5a9"
        },
        {
          "type": "globalVariant",
          "assetId": "JHa4bKySEJ",
          "checksum": "19bbc787a89ac05a5661706a67f824eb"
        },
        {
          "type": "renderModule",
          "assetId": "5SbkqO9jVhYB",
          "checksum": "efd5dd55f3da06ea07375f00335dae72"
        },
        {
          "type": "cssRules",
          "assetId": "5SbkqO9jVhYB",
          "checksum": "efd5dd55f3da06ea07375f00335dae72"
        },
        {
          "type": "renderModule",
          "assetId": "2vOhJPwl--",
          "checksum": "8377d9a509e291c21bfb30518817b544"
        },
        {
          "type": "cssRules",
          "assetId": "2vOhJPwl--",
          "checksum": "8377d9a509e291c21bfb30518817b544"
        },
        {
          "type": "renderModule",
          "assetId": "5ODPvkmS-H",
          "checksum": "b4375fbe188f335a276965726dc7a2d3"
        },
        {
          "type": "cssRules",
          "assetId": "5ODPvkmS-H",
          "checksum": "b4375fbe188f335a276965726dc7a2d3"
        },
        {
          "type": "renderModule",
          "assetId": "0fXKOlQr_Q",
          "checksum": "55ed091dd2aa506e9321dbda7b9b9a36"
        },
        {
          "type": "cssRules",
          "assetId": "0fXKOlQr_Q",
          "checksum": "55ed091dd2aa506e9321dbda7b9b9a36"
        },
        {
          "type": "renderModule",
          "assetId": "rfm9MehGJF",
          "checksum": "501e4f06c49d688f83a3febec41d3034"
        },
        {
          "type": "cssRules",
          "assetId": "rfm9MehGJF",
          "checksum": "501e4f06c49d688f83a3febec41d3034"
        },
        {
          "type": "renderModule",
          "assetId": "8eZExgQPCQ",
          "checksum": "996ccb634b27fe2920a7dc0b558bd1c2"
        },
        {
          "type": "cssRules",
          "assetId": "8eZExgQPCQ",
          "checksum": "996ccb634b27fe2920a7dc0b558bd1c2"
        },
        {
          "type": "renderModule",
          "assetId": "5Mzr4hHPVsU",
          "checksum": "94e0c2a2bdfc97efcdb454678ee21bdf"
        },
        {
          "type": "cssRules",
          "assetId": "5Mzr4hHPVsU",
          "checksum": "94e0c2a2bdfc97efcdb454678ee21bdf"
        },
        {
          "type": "renderModule",
          "assetId": "tGGwpP0Zy5t",
          "checksum": "5c605217ffcdb2bc8852ab17bdd14bb2"
        },
        {
          "type": "cssRules",
          "assetId": "tGGwpP0Zy5t",
          "checksum": "5c605217ffcdb2bc8852ab17bdd14bb2"
        },
        {
          "type": "renderModule",
          "assetId": "2fDT-cBWlbe",
          "checksum": "8b126082961c29a928c2e715e4622f2f"
        },
        {
          "type": "cssRules",
          "assetId": "2fDT-cBWlbe",
          "checksum": "8b126082961c29a928c2e715e4622f2f"
        },
        {
          "type": "renderModule",
          "assetId": "rhisCgZc5gz",
          "checksum": "7ccf34547eaf94afd02502532d3bbb81"
        },
        {
          "type": "cssRules",
          "assetId": "rhisCgZc5gz",
          "checksum": "7ccf34547eaf94afd02502532d3bbb81"
        },
        {
          "type": "icon",
          "assetId": "6GYC6RVwMYIyI",
          "checksum": "c1038ab4ad820ac4768f70b4c3f8e3d6"
        },
        {
          "type": "icon",
          "assetId": "n0bsTzwaumz-t",
          "checksum": "84a2edec4f72393139273c40f9497a45"
        },
        {
          "type": "icon",
          "assetId": "yw3nQG47dL",
          "checksum": "ca94665aa398842975f7a4eb2d4a6141"
        },
        {
          "type": "icon",
          "assetId": "LmPagN-SfgP",
          "checksum": "3bfb7f8b124fb1728917b9933c7521d6"
        },
        {
          "type": "icon",
          "assetId": "_bZJ40emi_D",
          "checksum": "bd1ff279309cbd330017ade14dd7f4dd"
        },
        {
          "type": "icon",
          "assetId": "1V4W87LMsQ",
          "checksum": "ede4b6939b232085f375a1191f5ff29c"
        },
        {
          "type": "icon",
          "assetId": "2pP3BHFtR5c",
          "checksum": "b2737e857e2f804014d890da04381afd"
        },
        {
          "type": "icon",
          "assetId": "Wr6gZ2HSIo6",
          "checksum": "fd4f8966cc8a10167333af10916d758c"
        },
        {
          "type": "icon",
          "assetId": "R_zhAArtfms",
          "checksum": "c3c6d8cb50cb9e23fe8fa9f6cb25c4a3"
        },
        {
          "type": "icon",
          "assetId": "RF7TKyUS8oo",
          "checksum": "9b89139e498cc7261951860e08dcf168"
        },
        {
          "type": "icon",
          "assetId": "Iobb-Zl7CCb",
          "checksum": "a2823c67c8ab43a989b55a509ec3ff53"
        },
        {
          "type": "icon",
          "assetId": "t82AOvqMk7W",
          "checksum": "3537456ef22c88edebae4f5bf141e889"
        },
        {
          "type": "icon",
          "assetId": "51RKF6cDQfy",
          "checksum": "6ea95fdbbadb47f104624f5e3d94a9f3"
        },
        {
          "type": "icon",
          "assetId": "IeTRSW7mmxp",
          "checksum": "ea41562b815341ee33c2a00832fe829f"
        },
        {
          "type": "icon",
          "assetId": "_vSzeZqaRoL",
          "checksum": "9fd58fd6fd0480daaa1bd044829f33b1"
        },
        {
          "type": "icon",
          "assetId": "MUr-BROrGri",
          "checksum": "f62226783d64fb240843e220fdf9ecdb"
        },
        {
          "type": "icon",
          "assetId": "3UHyC4uq_2U",
          "checksum": "319c6f555b8b2f7aeb39b57cf54f8cd8"
        },
        {
          "type": "icon",
          "assetId": "F0rSrg9E2",
          "checksum": "b46eec1adaf8647068739a020be227f4"
        },
        {
          "type": "icon",
          "assetId": "2m9V71gHeT",
          "checksum": "946ab7d058145570fe67787fe49d2d4c"
        },
        {
          "type": "icon",
          "assetId": "obBPtVSuIA",
          "checksum": "f3afd85bac50e595899bcf5b3860015a"
        },
        {
          "type": "icon",
          "assetId": "DfagCCOo9t",
          "checksum": "673f79b66de18e915ef64ca1801367b0"
        },
        {
          "type": "icon",
          "assetId": "70TgVcmfsI",
          "checksum": "d50f083e649e363cb630b109ae8a1254"
        },
        {
          "type": "icon",
          "assetId": "I5JUxPIe_g",
          "checksum": "3908579a65f8ffc4aaf9876627f62523"
        },
        {
          "type": "icon",
          "assetId": "IgIT7GP-r6w",
          "checksum": "1022b7b51727ba18a00f126d737c3c26"
        },
        {
          "type": "icon",
          "assetId": "38jUI2LO_p1",
          "checksum": "e84d6c7883ee52d4de51695368c8b8e6"
        },
        {
          "type": "icon",
          "assetId": "HdoiaBbrISt",
          "checksum": "356ebcf95c043d7f33205334fa7bd23f"
        },
        {
          "type": "icon",
          "assetId": "uw4pZXGSsHR",
          "checksum": "ef6ab363d69726044d770dea05dd6987"
        },
        {
          "type": "icon",
          "assetId": "gZGI1rzKvh3",
          "checksum": "d7034c6200e6d74a6afc1f8bd720bbcd"
        },
        {
          "type": "icon",
          "assetId": "Eb0gYTi_mFB",
          "checksum": "b181c65b932dcc6b7b3ca030def5cb31"
        },
        {
          "type": "icon",
          "assetId": "qMs2HlFO61W",
          "checksum": "2ca2ebc8b64fc86eea36f17744f0b9e8"
        },
        {
          "type": "icon",
          "assetId": "VuHUlcK6K1",
          "checksum": "74a78dc7b584cccb3e68e6ed47456a33"
        },
        {
          "type": "icon",
          "assetId": "vYYAqZjHf4",
          "checksum": "02c06b97093861f420c6d4900614bfaa"
        },
        {
          "type": "icon",
          "assetId": "d_W2aNfKI",
          "checksum": "ac79c1c69b74d94cfdeedadcd31ea8b8"
        },
        {
          "type": "icon",
          "assetId": "-_oHFhlz68",
          "checksum": "8fd9ae4788f41ef8f1c1886f20c6780f"
        },
        {
          "type": "icon",
          "assetId": "fhFG5yWwxho",
          "checksum": "2c2dd4411c539fc2fbcc56acb2c24497"
        },
        {
          "type": "icon",
          "assetId": "BqaKDXkOo_k",
          "checksum": "2ff3a0244ad4b752002a15352af0ecb1"
        },
        {
          "type": "icon",
          "assetId": "d_VqTS2vI56",
          "checksum": "46ccf3f69788762ea62a2d1e10cb56cf"
        },
        {
          "type": "icon",
          "assetId": "9EHhP9RDWAq",
          "checksum": "e924fe37d2dbe76a888a6d14c746f4c9"
        },
        {
          "type": "image",
          "assetId": "FOuShviXPuTX7",
          "checksum": "1e5068cefa3aee86267267427bb129ad"
        },
        {
          "type": "image",
          "assetId": "7lFlNIAti",
          "checksum": "59971766f87cef3db1450380e561d705"
        },
        {
          "type": "image",
          "assetId": "f78aRKEVOg",
          "checksum": "3e55188f433fedfae153441f2457077d"
        },
        {
          "type": "image",
          "assetId": "qIvPca94FG",
          "checksum": "cb30d745c498e5f184e7c6dd7f12afc6"
        },
        {
          "type": "image",
          "assetId": "6w4PqNOGuq",
          "checksum": "cf1973424f0ce268c7c016def39cb162"
        },
        {
          "type": "image",
          "assetId": "l_0kRsO2P",
          "checksum": "089b9fd7e067c0f13c681e2f2d8f5cab"
        },
        {
          "type": "image",
          "assetId": "4krw5VsvOB",
          "checksum": "a498792e48a0374b6e7cfe5cbdff3cd1"
        },
        {
          "type": "image",
          "assetId": "p1nGucNtBBS",
          "checksum": "d7c270429c037e8d247fa578f47ac6a9"
        },
        {
          "type": "image",
          "assetId": "8BOMoKtmhvl",
          "checksum": "25398ecb7289d0821ec0cc7660ef7603"
        },
        {
          "type": "image",
          "assetId": "2RjRUB5N2Dt",
          "checksum": "0208192f561a8190d4e9cddb29c16168"
        },
        {
          "type": "image",
          "assetId": "ttBxKi1_DgB",
          "checksum": "45c18efc68f89d220b6de595008e14f4"
        },
        {
          "type": "image",
          "assetId": "V4IEiopoYJL",
          "checksum": "b264756704cbce80a8c3001f00ab9165"
        },
        {
          "type": "image",
          "assetId": "-aaFzwkIYl",
          "checksum": "2c27d79124207a22238f82a4302aa560"
        },
        {
          "type": "image",
          "assetId": "TTXzWk1xGf",
          "checksum": "558af2bb3e1e9ce5fdf3ea763355262b"
        },
        {
          "type": "image",
          "assetId": "FzBt6_JTHy",
          "checksum": "77f9691589270ef9bfce183856eb4656"
        },
        {
          "type": "image",
          "assetId": "Ne-IeIbpXf8",
          "checksum": "df81985331f49a6f10daa7d0eb6ca4e3"
        },
        {
          "type": "image",
          "assetId": "ESW0aB8h0Q0",
          "checksum": "883b2658cb98e0a6094793474840e75f"
        },
        {
          "type": "image",
          "assetId": "N9ExYQQRYTS",
          "checksum": "b7c91fa246ecb5a38c05c682e533a3d6"
        },
        {
          "type": "image",
          "assetId": "rHdH-tmIv78",
          "checksum": "73ceaeb9f241cb65687408df02870007"
        },
        {
          "type": "image",
          "assetId": "0A6nj-97W-h",
          "checksum": "9745c18bce65eddccb8324a6506695f8"
        },
        {
          "type": "image",
          "assetId": "-AtbwOdZdTb",
          "checksum": "db622d8293e0369330668486aef14b4a"
        },
        {
          "type": "image",
          "assetId": "lS1lrlC7HnQ",
          "checksum": "24669dd7cb3315d159744c3b5f44b27a"
        },
        {
          "type": "image",
          "assetId": "xSiXRG95D",
          "checksum": "083474d93488bcb5648190f7c3b466ad"
        },
        {
          "type": "image",
          "assetId": "_UubO63bJb",
          "checksum": "d7b75865166a19018a00ed202e13c6e1"
        },
        {
          "type": "image",
          "assetId": "R7ho3H2jRq",
          "checksum": "1f486e907cf7e40dc21faa4c8748b8b8"
        },
        {
          "type": "image",
          "assetId": "nw7pJNNbOo",
          "checksum": "3fbe4cf8ec794dbbb107791158558d9c"
        },
        {
          "type": "image",
          "assetId": "RDtVWg4iw1",
          "checksum": "06f670cdd86178a467da76ffc9d3979a"
        },
        {
          "type": "image",
          "assetId": "udA0cuOVhg",
          "checksum": "e15a987169af9a4a490dd382291f87a0"
        },
        {
          "type": "image",
          "assetId": "xOWynizgd",
          "checksum": "73c125beaf8b9f1cf2f5fea15689803e"
        },
        {
          "type": "image",
          "assetId": "FLQoXJulRp",
          "checksum": "f9760765756d403e761ba85a68c944b0"
        },
        {
          "type": "image",
          "assetId": "56-AoI454G",
          "checksum": "7085d39fdfe70c6d2c74c8eb3363178c"
        },
        {
          "type": "image",
          "assetId": "l1HLIpPxl_",
          "checksum": "b6a22c26c3b6133ad38faa972ddb7e8f"
        },
        {
          "type": "image",
          "assetId": "tKfseOJ6Xn",
          "checksum": "c6d866ad73b025e5b8c9f1064f2d8807"
        },
        {
          "type": "image",
          "assetId": "z0oDsNfyYj",
          "checksum": "09e4a6177666c1d9f1659366518b0c45"
        },
        {
          "type": "image",
          "assetId": "SOfGL7VVQe",
          "checksum": "f4fdd9bfa9c9b71dbdd391bee8bdd685"
        },
        {
          "type": "image",
          "assetId": "leg0ZTsPSJ",
          "checksum": "a5d3b2870f95ab1500e38646ed77fcc5"
        },
        {
          "type": "image",
          "assetId": "x4-MMeTjBh",
          "checksum": "ae043729d8c2b342308cb880b3e297d8"
        },
        {
          "type": "image",
          "assetId": "z7r8BFlmI3",
          "checksum": "fd846e1c1cb870eb5ad5d3a8597b5697"
        },
        {
          "type": "image",
          "assetId": "1GO39ZXUpJ",
          "checksum": "1d989ff3c279659256e1385e4199a6c0"
        },
        {
          "type": "image",
          "assetId": "pBpzV7H4P_",
          "checksum": "a4faf2f89ba57e5658d22d1f1843ce79"
        },
        {
          "type": "image",
          "assetId": "-s0Rsz9Rm",
          "checksum": "d83fd328b2437df509748cacbd6c2a7f"
        },
        {
          "type": "image",
          "assetId": "_bUmvdlPc1",
          "checksum": "e19026542acacb2b67ab9bbe81583ea8"
        },
        {
          "type": "image",
          "assetId": "Cw9UfzwvcU",
          "checksum": "bd1c8f8d89624a3e22464939746f3b46"
        },
        {
          "type": "image",
          "assetId": "10cz4xiEuV",
          "checksum": "0bdd4af9d3145c1d9258c4b79d68a6d0"
        },
        {
          "type": "image",
          "assetId": "U0NL_Vy0va",
          "checksum": "65d8f27c227c426d67f6d8adcdb1548a"
        },
        {
          "type": "image",
          "assetId": "IUSODkACRU",
          "checksum": "0dc4ad9b1db2cd756ed81561ad07d25a"
        },
        {
          "type": "image",
          "assetId": "A68_miKbjE",
          "checksum": "d1355deed49b759af0683b1139dced8e"
        },
        {
          "type": "image",
          "assetId": "f3IqNpg_BT",
          "checksum": "03e21037387f59a05f6ad528069bbcdf"
        },
        {
          "type": "image",
          "assetId": "dH2hhdYuvC",
          "checksum": "4b5d8413566011e8407d6f24c581e7a1"
        },
        {
          "type": "image",
          "assetId": "--k5us2S4_",
          "checksum": "d5123e1bac75a847aeddf95b5af514b9"
        },
        {
          "type": "image",
          "assetId": "_z1IWsYt2E",
          "checksum": "0b993df04b3bfad6f6372a58486fc053"
        },
        {
          "type": "image",
          "assetId": "IhmM7UWLin",
          "checksum": "34ca36bacf37781eadbf2b12db5b8b18"
        },
        {
          "type": "image",
          "assetId": "WSlSt9ww9L",
          "checksum": "0ae155aa0a36173d20049aee9cadba52"
        },
        {
          "type": "image",
          "assetId": "KmZyjcrrEo",
          "checksum": "bb5a4245890df91364454aaf8d83245c"
        },
        {
          "type": "image",
          "assetId": "JLdnP-m4zW",
          "checksum": "b7897d884a515496d51153496cdd674c"
        },
        {
          "type": "image",
          "assetId": "3XrlIMlQYA",
          "checksum": "c0161b7cfc25c0a831ef3cf77905ad5b"
        },
        {
          "type": "image",
          "assetId": "SjXyli-C4B1",
          "checksum": "c4631285a9bd8f6deeaf5fb432f0a185"
        },
        {
          "type": "image",
          "assetId": "RYVBTpbvo",
          "checksum": "631149ae2095086292f42f732cf98233"
        },
        {
          "type": "image",
          "assetId": "M0PEKSOmtK",
          "checksum": "4dcfea6bf0e2c1ace622051585d2ce6e"
        },
        {
          "type": "image",
          "assetId": "nVgjRoXGAx",
          "checksum": "c13746d592ab85400c7571d695c4e8b2"
        },
        {
          "type": "image",
          "assetId": "zDcrwStek",
          "checksum": "efc6a37e038857d2feb575e899ff90e2"
        },
        {
          "type": "image",
          "assetId": "iqBVydklt",
          "checksum": "04ab08613a97784932ab0767eea1a5a9"
        },
        {
          "assetId": "vrXCB8dxA4nVS6MjHefASJ",
          "type": "projectCss",
          "checksum": "f30a571dd75e2470d12b07c90d3f0b1f"
        }
      ],
      "codegenVersion": "0.0.1"
    },
    {
      "projectId": "5nhZ9m14m3GkNgmNfUwqFT",
      "version": "latest",
      "dependencies": {},
      "lang": "ts",
      "fileLocks": [
        {
          "type": "globalVariant",
          "assetId": "1rKEZzinsHHbtQ",
          "checksum": "d70fae1c417e7fead72c4396f2098083"
        },
        {
          "type": "globalVariant",
          "assetId": "6Z5kTo5JlY9Gdm",
          "checksum": "30a012b15475bc0a69be6e45a1d1d9f9"
        },
        {
          "type": "globalVariant",
          "assetId": "D9qgVH1FeyS_Se",
          "checksum": "715c2a6ef627d3b1fb16ee2437d1284d"
        },
        {
          "assetId": "5nhZ9m14m3GkNgmNfUwqFT",
          "type": "projectCss",
          "checksum": "be6f5d71c0d350d63cc964520ab90fc3"
        },
        {
          "type": "renderModule",
          "assetId": "83OXkgXST-7Tp",
          "checksum": "283a75b139b3aa84a184088e9ab400a6"
        },
        {
          "type": "cssRules",
          "assetId": "83OXkgXST-7Tp",
          "checksum": "283a75b139b3aa84a184088e9ab400a6"
        },
        {
          "type": "renderModule",
          "assetId": "PvC6h1qCtMN8Z8",
          "checksum": "d9f5f623bfd03174ac1a80d1486f2d67"
        },
        {
          "type": "cssRules",
          "assetId": "PvC6h1qCtMN8Z8",
          "checksum": "d9f5f623bfd03174ac1a80d1486f2d67"
        },
        {
          "type": "renderModule",
          "assetId": "TupvYXWeyNsWG7",
          "checksum": "10a9ee09cd0cb24aa7e955565fb47c45"
        },
        {
          "type": "cssRules",
          "assetId": "TupvYXWeyNsWG7",
          "checksum": "10a9ee09cd0cb24aa7e955565fb47c45"
        },
        {
          "type": "renderModule",
          "assetId": "8JHoE6y-ALPT_M",
          "checksum": "2072b9af5cf0ed120b93f517bc4461ef"
        },
        {
          "type": "cssRules",
          "assetId": "8JHoE6y-ALPT_M",
          "checksum": "2072b9af5cf0ed120b93f517bc4461ef"
        },
        {
          "type": "renderModule",
          "assetId": "DbviKRX5ASQfVY",
          "checksum": "15e15b7cc5bca64b367dfb96ad71d145"
        },
        {
          "type": "cssRules",
          "assetId": "DbviKRX5ASQfVY",
          "checksum": "15e15b7cc5bca64b367dfb96ad71d145"
        },
        {
          "type": "renderModule",
          "assetId": "zQBsHka-k5kj_Z",
          "checksum": "ae58c64d840995cf312a5deb6af88a98"
        },
        {
          "type": "cssRules",
          "assetId": "zQBsHka-k5kj_Z",
          "checksum": "ae58c64d840995cf312a5deb6af88a98"
        },
        {
          "type": "renderModule",
          "assetId": "zCNB-XBvTjA-Rk",
          "checksum": "aa18b5876f890137a3df3dfa9d3976ba"
        },
        {
          "type": "cssRules",
          "assetId": "zCNB-XBvTjA-Rk",
          "checksum": "aa18b5876f890137a3df3dfa9d3976ba"
        },
        {
          "type": "renderModule",
          "assetId": "1FeUEftN7bzhvf",
          "checksum": "8abc7ffaff1d9ed258cd16e236f7d27b"
        },
        {
          "type": "cssRules",
          "assetId": "1FeUEftN7bzhvf",
          "checksum": "8abc7ffaff1d9ed258cd16e236f7d27b"
        },
        {
          "type": "renderModule",
          "assetId": "IR3FHb7DPyQCja",
          "checksum": "a6655300a52766a8e3ec824d50ecaaa0"
        },
        {
          "type": "cssRules",
          "assetId": "IR3FHb7DPyQCja",
          "checksum": "a6655300a52766a8e3ec824d50ecaaa0"
        },
        {
          "type": "renderModule",
          "assetId": "X2Zc8-l4JANW_H",
          "checksum": "698a28650186cf98192f8ec30c49b44c"
        },
        {
          "type": "cssRules",
          "assetId": "X2Zc8-l4JANW_H",
          "checksum": "698a28650186cf98192f8ec30c49b44c"
        },
        {
          "type": "renderModule",
          "assetId": "XscpXaQ_Bo",
          "checksum": "7ab65b0b1d75ff98fe4dfc6f87c81145"
        },
        {
          "type": "cssRules",
          "assetId": "XscpXaQ_Bo",
          "checksum": "7ab65b0b1d75ff98fe4dfc6f87c81145"
        },
        {
          "type": "renderModule",
          "assetId": "x-GfUw5JKb4",
          "checksum": "72c794b29ec40f42911eaa96e8b7c897"
        },
        {
          "type": "cssRules",
          "assetId": "x-GfUw5JKb4",
          "checksum": "72c794b29ec40f42911eaa96e8b7c897"
        },
        {
          "type": "renderModule",
          "assetId": "gfxpDpG2Jsn",
          "checksum": "d39ad9a7e7233a8ef81f3f95d426eec7"
        },
        {
          "type": "cssRules",
          "assetId": "gfxpDpG2Jsn",
          "checksum": "d39ad9a7e7233a8ef81f3f95d426eec7"
        },
        {
          "type": "renderModule",
          "assetId": "0LaGRZM3QTL",
          "checksum": "8d917c50523d62d45425b916e566f679"
        },
        {
          "type": "cssRules",
          "assetId": "0LaGRZM3QTL",
          "checksum": "8d917c50523d62d45425b916e566f679"
        },
        {
          "type": "icon",
          "assetId": "jQNhL_e9WUyiLF",
          "checksum": "8e17870236f4417bc41b8c3c17a153af"
        },
        {
          "type": "icon",
          "assetId": "af04isxqb4f-Z-",
          "checksum": "5fa498f26236e0b2822008be6622cec4"
        },
        {
          "type": "icon",
          "assetId": "JlbvcMdJn6tbQU",
          "checksum": "ffecf1dd1052091721880a3ba5024a5a"
        },
        {
          "type": "icon",
          "assetId": "5XfKCe2aCQA1UU",
          "checksum": "5d4bd8f9494885a65324855f74e6e35a"
        },
        {
          "type": "icon",
          "assetId": "dvZXS-gVcrqMRn",
          "checksum": "98a21b8c5e9c328c656adf06e32e9cf3"
        },
        {
          "type": "icon",
          "assetId": "fZo9XskAG11TOt",
          "checksum": "44c2effdd5d06764992f1cff90ada249"
        },
        {
          "type": "icon",
          "assetId": "qDFJrx7nAsaBMk",
          "checksum": "f1c6ef92931e3f90d933772fc1a6839a"
        },
        {
          "type": "icon",
          "assetId": "A4MSyAYgliBYR1",
          "checksum": "a782ce380abc577ae28f08f7c6414164"
        },
        {
          "type": "icon",
          "assetId": "sXrUJxqdo1NxYz",
          "checksum": "9f42b299b084d5ef232305b732cc3b21"
        },
        {
          "type": "icon",
          "assetId": "MWZ7934GVQNNSW",
          "checksum": "fb54d6e325567b49f58c5eb444433b1e"
        },
        {
          "type": "icon",
          "assetId": "6EtmEk0VCH_1Vx",
          "checksum": "3df06bc2094e9b02676bbb697cbe0611"
        },
        {
          "type": "icon",
          "assetId": "VdXv0uByvoJJ2A",
          "checksum": "3c0f8682dac7b3087a962a07cfe81a50"
        },
        {
          "type": "icon",
          "assetId": "drjLJTIzNt4iWZ",
          "checksum": "0bf584fbeda265c1bb72aec33b4d1ec3"
        },
        {
          "type": "icon",
          "assetId": "kZv-YxAhQcwEu9",
          "checksum": "3fba9ea42e306d69233d60cfc2ee9919"
        },
        {
          "type": "icon",
          "assetId": "Suyiob8P68G1-M",
          "checksum": "de4e449d5de9e5bbb540acc8fb482f08"
        },
        {
          "type": "icon",
          "assetId": "bK6LKEnx2Mag0L",
          "checksum": "49905e327aa0f0673c2f383b2f6155bb"
        },
        {
          "type": "icon",
          "assetId": "J0hB9Z92qeYtNr",
          "checksum": "7261d2ddd8f3a745a4b8f50d2f6d9c79"
        },
        {
          "type": "icon",
          "assetId": "da-fw9VDnvybHe",
          "checksum": "2233ea226568c6141ac423e37370f806"
        },
        {
          "type": "icon",
          "assetId": "HxtPVsZFXt11SY",
          "checksum": "c4ec6bcbfbe8da04277dd6bd843c8a30"
        },
        {
          "type": "icon",
          "assetId": "KABOKmDXr-b-4y",
          "checksum": "8e663e8d48e3fd00853265f3968155fd"
        },
        {
          "type": "icon",
          "assetId": "HHHfXu8MB61ii_",
          "checksum": "bcd10b50cd62131afabf1aa140ea05ff"
        },
        {
          "type": "icon",
          "assetId": "6to0p4C4e3pKH6",
          "checksum": "3fc89ebd95df87dd732ecd30220e7bf9"
        },
        {
          "type": "icon",
          "assetId": "fZT5COYPXJriU4",
          "checksum": "1f79c1e99e1d56a82e24b6ed38266eba"
        },
        {
          "type": "icon",
          "assetId": "CJgxg3eeX11lXP",
          "checksum": "1cd4f9a3bff81d60303c7e5073f1a213"
        },
        {
          "type": "icon",
          "assetId": "d6rvCDmAkTSxJ0",
          "checksum": "53e7834253556e01fbf1c25a2b6994c6"
        },
        {
          "type": "icon",
          "assetId": "uMq8FAW9C-Ge9N",
          "checksum": "d7c31ca80e7ac5b3cd9b3f8a71f6cef8"
        },
        {
          "type": "icon",
          "assetId": "F4S0SM-as4RejM",
          "checksum": "2630267df7162c3d673240562b1b673c"
        },
        {
          "type": "icon",
          "assetId": "QxpuLapNF68m8r",
          "checksum": "d8939f3a8e1a5b95184e64feb92c5a3b"
        },
        {
          "type": "icon",
          "assetId": "75hvgyMNme3gQv",
          "checksum": "fea69b62eb54234b8727cade8832c5e6"
        },
        {
          "type": "icon",
          "assetId": "hLvvonv0KeQP8Q",
          "checksum": "f5f9961b9e597c92861202d8e678456a"
        },
        {
          "type": "icon",
          "assetId": "AkOvaIEQOOrZS0",
          "checksum": "27e9f2078936b45ffc507a580193f8a3"
        },
        {
          "type": "icon",
          "assetId": "3pXVHpKYlxcDrO",
          "checksum": "87c12d7777e249261e2513fb98ea8fec"
        },
        {
          "type": "icon",
          "assetId": "HC8Bn3jMp04xoH",
          "checksum": "809d3a5ae502eb1e20545f7afb6fff8d"
        },
        {
          "type": "icon",
          "assetId": "0Ed_0b6Yb7SHu2",
          "checksum": "37baebbfec71decb8c73618e5322968d"
        },
        {
          "type": "icon",
          "assetId": "gv7WUlD3TR0v1f",
          "checksum": "1dd8dfeb9615aaa95095378403e3ccc0"
        },
        {
          "type": "icon",
          "assetId": "Xo7a5302eqAOVr",
          "checksum": "0f43b8010ead4a041d9612b33e699128"
        },
        {
          "type": "icon",
          "assetId": "3li1cXihw_m2M1",
          "checksum": "14270dacc71bec87df11ea1b77c20220"
        },
        {
          "type": "icon",
          "assetId": "0R8ZZxyPimeksU",
          "checksum": "c481e223bca97bbddfc3f64ddfb28598"
        },
        {
          "type": "image",
          "assetId": "WhqeMu5CxPtcW9",
          "checksum": "01b3283fd2c2f3b5b832d75b7c30edc2"
        },
        {
          "type": "image",
          "assetId": "viS0CdMMBphZFL",
          "checksum": "74e36d1cfa07b3c61b41e8b80388389f"
        },
        {
          "type": "image",
          "assetId": "prg-o9zlKU2npX",
          "checksum": "2f6a9a87b46233ea552ab97ef8d60629"
        },
        {
          "type": "image",
          "assetId": "C0gaFfZWrQ-WUH",
          "checksum": "782cb7da97561a2adf66778b0299665e"
        },
        {
          "type": "image",
          "assetId": "r0_Bqex0vBrmk_",
          "checksum": "e8a400507a4f8eb257b07bc5ee24b77b"
        },
        {
          "type": "image",
          "assetId": "vWcm_irF1zVPh-",
          "checksum": "022bb99f7e3ebdbe61a73c4aec7a6c9e"
        },
        {
          "type": "image",
          "assetId": "N1sBRzNdanyFE_",
          "checksum": "5aff8d8eac61b09c00606ceebaa73b67"
        },
        {
          "type": "image",
          "assetId": "chac9lFTfpZDDG",
          "checksum": "afeb2861f40effc2ec0bf7b5da6d3c49"
        },
        {
          "type": "image",
          "assetId": "IMTaIDXN_Y5Une",
          "checksum": "5d170b0513bda14424611252b134a6e3"
        },
        {
          "type": "image",
          "assetId": "agB_CGO-iA0hkh",
          "checksum": "9be770e99c21d5a500e9ec29808d2d15"
        },
        {
          "type": "image",
          "assetId": "PknXmH2HFHJ_W3",
          "checksum": "0d033d82b9ee10cf6138dff85130693f"
        },
        {
          "type": "image",
          "assetId": "L8r735C_xGnt-m",
          "checksum": "789428d8dc4fdfd12d5bed89aa5e916b"
        },
        {
          "type": "image",
          "assetId": "giv8XuVcMswjwy",
          "checksum": "ad8a60580c8631058637059a63708d19"
        },
        {
          "type": "image",
          "assetId": "ei7txrTd9YhNGr",
          "checksum": "e6d2c465000561e259afdfd66b9b3122"
        },
        {
          "type": "image",
          "assetId": "5IVwJW_Ea66qoD",
          "checksum": "bc35f3b413f4318c2de7d3697852550d"
        },
        {
          "type": "image",
          "assetId": "qUERiOrhNkOJQd",
          "checksum": "7ac96d86b601cfef40aa52a76be64a19"
        },
        {
          "type": "image",
          "assetId": "8koxoTugc9b4zn",
          "checksum": "74a0178c7ebd0da4b14d88bccc45ebcc"
        },
        {
          "type": "image",
          "assetId": "ndHdnRrXRQX4hX",
          "checksum": "6028e8b65e87e9056d20ec6022b0e5c4"
        },
        {
          "type": "image",
          "assetId": "Myx8ssVBR09RnV",
          "checksum": "d307baf24bd81313388e682e19c3e19b"
        },
        {
          "type": "image",
          "assetId": "fsXHZl3V88JRLE",
          "checksum": "bd8df3f3f8f1fe724051bb008b5ee792"
        },
        {
          "type": "image",
          "assetId": "mfPPWk9LsvvtmC",
          "checksum": "b9bac0a29796de6ba94e022c87161fac"
        },
        {
          "type": "image",
          "assetId": "cuE0uDU0YnZeSD",
          "checksum": "4cea6cfbe5fd232de9b9a667a6e36460"
        },
        {
          "type": "image",
          "assetId": "8deXwIX4p3v_up",
          "checksum": "44877ec5e7d5d8e56da46e44aa53a758"
        },
        {
          "type": "image",
          "assetId": "2Wc9ZatLR29Qnn",
          "checksum": "1870af6e10d03753849f5209be824e3d"
        },
        {
          "type": "image",
          "assetId": "Ovafh1ceZOlHJ5",
          "checksum": "40072676fdf5be9ef3e5f7b4c8baa009"
        },
        {
          "type": "image",
          "assetId": "qH8EG8xCLlqvwV",
          "checksum": "93afb5d62578d25b59002348427f27e6"
        },
        {
          "type": "image",
          "assetId": "XX0cRxNuL_auLc",
          "checksum": "8514d41c51f3756d803099740f6a70d2"
        },
        {
          "type": "image",
          "assetId": "49q3qRfQHsIymQ",
          "checksum": "dc0ab27fc53fff2517d9008138900583"
        },
        {
          "type": "image",
          "assetId": "20r88rEHpT1ufV",
          "checksum": "4250e63aa2d49d276a3c41ecea06d14a"
        },
        {
          "type": "image",
          "assetId": "hpaC4axd02cSru",
          "checksum": "a3bdae7f1e387bcd0d90db8fdc9fb7bd"
        },
        {
          "type": "image",
          "assetId": "R_WaJqO9SGZ5uf",
          "checksum": "b1af70d5a68f0a12e0c2b0cfd816352a"
        },
        {
          "type": "image",
          "assetId": "VIwp4aOhAK2vYS",
          "checksum": "9b5f24f9734a16f6891155175b0fc7da"
        },
        {
          "type": "image",
          "assetId": "HZo_Gsfhi7dNV_",
          "checksum": "426bdcadcac4e2afbf24cf8119ed55a1"
        },
        {
          "type": "image",
          "assetId": "j6fT-rpyt037aU",
          "checksum": "7116758e0d46081236c259c36d1e3c2b"
        },
        {
          "type": "image",
          "assetId": "qmUNIgsY97JpQC",
          "checksum": "4eb892e0496490bd6a8af54b74907994"
        },
        {
          "type": "image",
          "assetId": "XLeRT3EfOCQysA",
          "checksum": "9eff5754691a9c7900595c1002930593"
        },
        {
          "type": "image",
          "assetId": "iRWR9cpnx9NGa3",
          "checksum": "3fa1383cfd948355e32959ee002bb32e"
        },
        {
          "type": "image",
          "assetId": "pplSsdTQepHhQz",
          "checksum": "f3d686d9ea1a4899d0596ca8e2e8f001"
        },
        {
          "type": "image",
          "assetId": "iKHnMyxFSOP4E8",
          "checksum": "66900c4caa6a03399b17f8351bd4bc4a"
        },
        {
          "type": "image",
          "assetId": "kf2nAH8voM1fRv",
          "checksum": "c2895352bb682845b246856d47b701c9"
        },
        {
          "type": "image",
          "assetId": "MH8NwtPV3-xsrL",
          "checksum": "963244b7cb8099f032907c48433142fe"
        },
        {
          "type": "image",
          "assetId": "rpvFhqmpvpODNd",
          "checksum": "d28aac34f038e37b8bf3880e755a80ef"
        },
        {
          "type": "image",
          "assetId": "aoCLYFLWDOYOlu",
          "checksum": "22c7682845414890e81651e54c20ed56"
        },
        {
          "type": "image",
          "assetId": "Vvp2gfEYP_tHo3",
          "checksum": "d3a22f85a018700efebffffda7a9ddca"
        },
        {
          "type": "image",
          "assetId": "0720b94TYYcQGg",
          "checksum": "fe4e5212b136adf9a1b708ed7d83dd3b"
        },
        {
          "type": "image",
          "assetId": "HvBAsmqjX2izG6",
          "checksum": "86403b9e4b6da089bbd5c15211199da3"
        },
        {
          "type": "image",
          "assetId": "s6-cxu__CQfRT0",
          "checksum": "dc32027c48e7876d14cd3adf052420d7"
        },
        {
          "type": "image",
          "assetId": "CQZctuw40q0_EG",
          "checksum": "12f4e9c118b7210028badd323f57f3c5"
        },
        {
          "type": "image",
          "assetId": "KgWyoKlJN06c56",
          "checksum": "a42ab2808be81244bfddab1da6e3a125"
        },
        {
          "type": "image",
          "assetId": "DpOlxwn2z95d4h",
          "checksum": "93cab657985ee88e197c5ac84cc16327"
        },
        {
          "type": "image",
          "assetId": "qqJ0KkJjConQzF",
          "checksum": "f38b50fa189b200e75895a7d81430d15"
        },
        {
          "type": "image",
          "assetId": "epTKxv-QskqP-o",
          "checksum": "6638ed7bc2470bd0ac2d86e1b23c1370"
        },
        {
          "type": "image",
          "assetId": "vljJEl7L6skunp",
          "checksum": "de3b5a9c7f61ad7dd65979581c6dec15"
        },
        {
          "type": "image",
          "assetId": "fUgzTB9e275Ho_",
          "checksum": "45af7df375868fdd9621394cfed89b57"
        },
        {
          "type": "image",
          "assetId": "J_8dEo6hk2b4s4",
          "checksum": "1278ded963735732cad60bddded5695a"
        },
        {
          "type": "image",
          "assetId": "WaKVtcw90F7XBZ",
          "checksum": "3d9ce83701446f683055457b184863ed"
        },
        {
          "type": "image",
          "assetId": "8tOC3CRMoZS6vk",
          "checksum": "f48e3b08f139857e216291dcb0a4a4bf"
        },
        {
          "type": "image",
          "assetId": "8hRMpzzg0IRZe_",
          "checksum": "90263ef913fcb4f8d402aad417ff3701"
        },
        {
          "type": "image",
          "assetId": "IAdUXfTaU7Ckf8",
          "checksum": "85562bd0506c977239577755ebd81046"
        },
        {
          "type": "image",
          "assetId": "Gv837m6KwYxTG0",
          "checksum": "626650e89a18a39c91ac3468de2ea685"
        },
        {
          "type": "image",
          "assetId": "Qj3nPKp3AqAMJO",
          "checksum": "e0a5d70e6758598839d0761085d5ca56"
        },
        {
          "type": "image",
          "assetId": "xJbqdvzdYc1o1Z",
          "checksum": "52030e89c6c69434b523d903aceafe00"
        }
      ],
      "codegenVersion": "0.0.1"
    }
  ],
  "cliVersion": "0.1.175"
}
